
Microsoft Visual Studio Solution File, Format Version 12.00
# Visual Studio 15
VisualStudioVersion = 15.0.27703.2042
MinimumVisualStudioVersion = 10.0.40219.1
Project("{FAE04EC0-301F-11D3-BF4B-00C04F79EFBC}") = "videoApp", "videoApp\videoApp.csproj", "{A66DA777-BDA1-4DF9-A035-328C4A673ECB}"
EndProject
Global
	GlobalSection(SolutionConfigurationPlatforms) = preSolution
		Debug|Any CPU = Debug|Any CPU
		Release|Any CPU = Release|Any CPU
	EndGlobalSection
	GlobalSection(ProjectConfigurationPlatforms) = postSolution
		{A66DA777-BDA1-4DF9-A035-328C4A673ECB}.Debug|Any CPU.ActiveCfg = Debug|Any CPU
		{A66DA777-BDA1-4DF9-A035-328C4A673ECB}.Debug|Any CPU.Build.0 = Debug|Any CPU
		{A66DA777-BDA1-4DF9-A035-328C4A673ECB}.Release|Any CPU.ActiveCfg = Release|Any CPU
		{A66DA777-BDA1-4DF9-A035-328C4A673ECB}.Release|Any CPU.Build.0 = Release|Any CPU
	EndGlobalSection
	GlobalSection(SolutionProperties) = preSolution
		HideSolutionNode = FALSE
	EndGlobalSection
	GlobalSection(ExtensibilityGlobals) = postSolution
		SolutionGuid = {EE8D4634-BB63-4027-B40C-63215880AA8F}
	EndGlobalSection
EndGlobal
